// !$*UTF8*$!
{
	archiveVersion = 1;
	classes = {
	};
	objectVersion = 48;
	objects = {

/* Begin PBXBuildFile section */
		347092CD1FCFBB7A006CD6B2 /* AppDelegate.swift in Sources */ = {isa = PBXBuildFile; fileRef = 347092CC1FCFBB7A006CD6B2 /* AppDelegate.swift */; };
		347092D21FCFBB7A006CD6B2 /* Main.storyboard in Resources */ = {isa = PBXBuildFile; fileRef = 347092D01FCFBB7A006CD6B2 /* Main.storyboard */; };
		347092D41FCFBB7A006CD6B2 /* Assets.xcassets in Resources */ = {isa = PBXBuildFile; fileRef = 347092D31FCFBB7A006CD6B2 /* Assets.xcassets */; };
		347092D71FCFBB7A006CD6B2 /* LaunchScreen.storyboard in Resources */ = {isa = PBXBuildFile; fileRef = 347092D51FCFBB7A006CD6B2 /* LaunchScreen.storyboard */; };
		347092E01FCFBCB3006CD6B2 /* ImageDownloaderViewController.swift in Sources */ = {isa = PBXBuildFile; fileRef = 347092DF1FCFBCB3006CD6B2 /* ImageDownloaderViewController.swift */; };
		347092E31FD05B9E006CD6B2 /* LargeImages.swift in Sources */ = {isa = PBXBuildFile; fileRef = 347092E21FD05B9E006CD6B2 /* LargeImages.swift */; };
		347092E61FD09926006CD6B2 /* MultipleImagesViewController.swift in Sources */ = {isa = PBXBuildFile; fileRef = 347092E51FD09926006CD6B2 /* MultipleImagesViewController.swift */; };
		347092E81FD09FFF006CD6B2 /* ImageDownloader.swift in Sources */ = {isa = PBXBuildFile; fileRef = 347092E71FD09FFF006CD6B2 /* ImageDownloader.swift */; };
/* End PBXBuildFile section */

/* Begin PBXFileReference section */
		347092C91FCFBB7A006CD6B2 /* ConcurrencyDemo.app */ = {isa = PBXFileReference; explicitFileType = wrapper.application; includeInIndex = 0; path = ConcurrencyDemo.app; sourceTree = BUILT_PRODUCTS_DIR; };
		347092CC1FCFBB7A006CD6B2 /* AppDelegate.swift */ = {isa = PBXFileReference; lastKnownFileType = sourcecode.swift; path = AppDelegate.swift; sourceTree = "<group>"; };
		347092D11FCFBB7A006CD6B2 /* Base */ = {isa = PBXFileReference; lastKnownFileType = file.storyboard; name = Base; path = Base.lproj/Main.storyboard; sourceTree = "<group>"; };
		347092D31FCFBB7A006CD6B2 /* Assets.xcassets */ = {isa = PBXFileReference; lastKnownFileType = folder.assetcatalog; path = Assets.xcassets; sourceTree = "<group>"; };
		347092D61FCFBB7A006CD6B2 /* Base */ = {isa = PBXFileReference; lastKnownFileType = file.storyboard; name = Base; path = Base.lproj/LaunchScreen.storyboard; sourceTree = "<group>"; };
		347092D81FCFBB7A006CD6B2 /* Info.plist */ = {isa = PBXFileReference; lastKnownFileType = text.plist.xml; path = Info.plist; sourceTree = "<group>"; };
		347092DF1FCFBCB3006CD6B2 /* ImageDownloaderViewController.swift */ = {isa = PBXFileReference; lastKnownFileType = sourcecode.swift; path = ImageDownloaderViewController.swift; sourceTree = "<group>"; };
		347092E21FD05B9E006CD6B2 /* LargeImages.swift */ = {isa = PBXFileReference; lastKnownFileType = sourcecode.swift; path = LargeImages.swift; sourceTree = "<group>"; };
		347092E51FD09926006CD6B2 /* MultipleImagesViewController.swift */ = {isa = PBXFileReference; lastKnownFileType = sourcecode.swift; path = MultipleImagesViewController.swift; sourceTree = "<group>"; };
		347092E71FD09FFF006CD6B2 /* ImageDownloader.swift */ = {isa = PBXFileReference; lastKnownFileType = sourcecode.swift; path = ImageDownloader.swift; sourceTree = "<group>"; };
/* End PBXFileReference section */

/* Begin PBXFrameworksBuildPhase section */
		347092C61FCFBB7A006CD6B2 /* Frameworks */ = {
			isa = PBXFrameworksBuildPhase;
			buildActionMask = 2147483647;
			files = (
			);
			runOnlyForDeploymentPostprocessing = 0;
		};
/* End PBXFrameworksBuildPhase section */

/* Begin PBXGroup section */
		347092C01FCFBB79006CD6B2 = {
			isa = PBXGroup;
			children = (
				347092CB1FCFBB7A006CD6B2 /* ConcurrencyDemo */,
				347092CA1FCFBB7A006CD6B2 /* Products */,
			);
			sourceTree = "<group>";
		};
		347092CA1FCFBB7A006CD6B2 /* Products */ = {
			isa = PBXGroup;
			children = (
				347092C91FCFBB7A006CD6B2 /* ConcurrencyDemo.app */,
			);
			name = Products;
			sourceTree = "<group>";
		};
		347092CB1FCFBB7A006CD6B2 /* ConcurrencyDemo */ = {
			isa = PBXGroup;
			children = (
				347092E41FD05BA3006CD6B2 /* Model */,
				347092E11FCFBCB7006CD6B2 /* Controllers */,
				347092CC1FCFBB7A006CD6B2 /* AppDelegate.swift */,
				347092D01FCFBB7A006CD6B2 /* Main.storyboard */,
				347092DE1FCFBB95006CD6B2 /* Supporting Files */,
			);
			path = ConcurrencyDemo;
			sourceTree = "<group>";
		};
		347092DE1FCFBB95006CD6B2 /* Supporting Files */ = {
			isa = PBXGroup;
			children = (
				347092D31FCFBB7A006CD6B2 /* Assets.xcassets */,
				347092D51FCFBB7A006CD6B2 /* LaunchScreen.storyboard */,
				347092D81FCFBB7A006CD6B2 /* Info.plist */,
			);
			path = "Supporting Files";
			sourceTree = "<group>";
		};
		347092E11FCFBCB7006CD6B2 /* Controllers */ = {
			isa = PBXGroup;
			children = (
				347092DF1FCFBCB3006CD6B2 /* ImageDownloaderViewController.swift */,
				347092E51FD09926006CD6B2 /* MultipleImagesViewController.swift */,
			);
			path = Controllers;
			sourceTree = "<group>";
		};
		347092E41FD05BA3006CD6B2 /* Model */ = {
			isa = PBXGroup;
			children = (
				347092E71FD09FFF006CD6B2 /* ImageDownloader.swift */,
				347092E21FD05B9E006CD6B2 /* LargeImages.swift */,
			);
			path = Model;
			sourceTree = "<group>";
		};
/* End PBXGroup section */

/* Begin PBXNativeTarget section */
		347092C81FCFBB7A006CD6B2 /* ConcurrencyDemo */ = {
			isa = PBXNativeTarget;
			buildConfigurationList = 347092DB1FCFBB7A006CD6B2 /* Build configuration list for PBXNativeTarget "ConcurrencyDemo" */;
			buildPhases = (
				347092C51FCFBB7A006CD6B2 /* Sources */,
				347092C61FCFBB7A006CD6B2 /* Frameworks */,
				347092C71FCFBB7A006CD6B2 /* Resources */,
			);
			buildRules = (
			);
			dependencies = (
			);
			name = ConcurrencyDemo;
			productName = ConcurrencyDemo;
			productReference = 347092C91FCFBB7A006CD6B2 /* ConcurrencyDemo.app */;
			productType = "com.apple.product-type.application";
		};
/* End PBXNativeTarget section */

/* Begin PBXProject section */
		347092C11FCFBB79006CD6B2 /* Project object */ = {
			isa = PBXProject;
			attributes = {
				LastSwiftUpdateCheck = 0910;
				LastUpgradeCheck = 0910;
				ORGANIZATIONNAME = "Max Rogers";
				TargetAttributes = {
					347092C81FCFBB7A006CD6B2 = {
						CreatedOnToolsVersion = 9.1;
						ProvisioningStyle = Automatic;
					};
				};
			};
			buildConfigurationList = 347092C41FCFBB79006CD6B2 /* Build configuration list for PBXProject "ConcurrencyDemo" */;
			compatibilityVersion = "Xcode 8.0";
			developmentRegion = en;
			hasScannedForEncodings = 0;
			knownRegions = (
				en,
				Base,
			);
			mainGroup = 347092C01FCFBB79006CD6B2;
			productRefGroup = 347092CA1FCFBB7A006CD6B2 /* Products */;
			projectDirPath = "";
			projectRoot = "";
			targets = (
				347092C81FCFBB7A006CD6B2 /* ConcurrencyDemo */,
			);
		};
/* End PBXProject section */

/* Begin PBXResourcesBuildPhase section */
		347092C71FCFBB7A006CD6B2 /* Resources */ = {
			isa = PBXResourcesBuildPhase;
			buildActionMask = 2147483647;
			files = (
				347092D71FCFBB7A006CD6B2 /* LaunchScreen.storyboard in Resources */,
				347092D41FCFBB7A006CD6B2 /* Assets.xcassets in Resources */,
				347092D21FCFBB7A006CD6B2 /* Main.storyboard in Resources */,
			);
			runOnlyForDeploymentPostprocessing = 0;
		};
/* End PBXResourcesBuildPhase section */

/* Begin PBXSourcesBuildPhase section */
		347092C51FCFBB7A006CD6B2 /* Sources */ = {
			isa = PBXSourcesBuildPhase;
			buildActionMask = 2147483647;
			files = (
				347092E31FD05B9E006CD6B2 /* LargeImages.swift in Sources */,
				347092E81FD09FFF006CD6B2 /* ImageDownloader.swift in Sources */,
				347092E01FCFBCB3006CD6B2 /* ImageDownloaderViewController.swift in Sources */,
				347092E61FD09926006CD6B2 /* MultipleImagesViewController.swift in Sources */,
				347092CD1FCFBB7A006CD6B2 /* AppDelegate.swift in Sources */,
			);
			runOnlyForDeploymentPostprocessing = 0;
		};
/* End PBXSourcesBuildPhase section */

/* Begin PBXVariantGroup section */
		347092D01FCFBB7A006CD6B2 /* Main.storyboard */ = {
			isa = PBXVariantGroup;
			children = (
				347092D11FCFBB7A006CD6B2 /* Base */,
			);
			name = Main.storyboard;
			sourceTree = "<group>";
		};
		347092D51FCFBB7A006CD6B2 /* LaunchScreen.storyboard */ = {
			isa = PBXVariantGroup;
			children = (
				347092D61FCFBB7A006CD6B2 /* Base */,
			);
			name = LaunchScreen.storyboard;
			sourceTree = "<group>";
		};
/* End PBXVariantGroup section */

/* Begin XCBuildConfiguration section */
		347092D91FCFBB7A006CD6B2 /* Debug */ = {
			isa = XCBuildConfiguration;
			buildSettings = {
				ALWAYS_SEARCH_USER_PATHS = NO;
				CLANG_ANALYZER_NONNULL = YES;
				CLANG_ANALYZER_NUMBER_OBJECT_CONVERSION = YES_AGGRESSIVE;
				CLANG_CXX_LANGUAGE_STANDARD = "gnu++14";
				CLANG_CXX_LIBRARY = "libc++";
				CLANG_ENABLE_MODULES = YES;
				CLANG_ENABLE_OBJC_ARC = YES;
				CLANG_WARN_BLOCK_CAPTURE_AUTORELEASING = YES;
				CLANG_WARN_BOOL_CONVERSION = YES;
				CLANG_WARN_COMMA = YES;
				CLANG_WARN_CONSTANT_CONVERSION = YES;
				CLANG_WARN_DIRECT_OBJC_ISA_USAGE = YES_ERROR;
				CLANG_WARN_DOCUMENTATION_COMMENTS = YES;
				CLANG_WARN_EMPTY_BODY = YES;
				CLANG_WARN_ENUM_CONVERSION = YES;
				CLANG_WARN_INFINITE_RECURSION = YES;
				CLANG_WARN_INT_CONVERSION = YES;
				CLANG_WARN_NON_LITERAL_NULL_CONVERSION = YES;
				CLANG_WARN_OBJC_LITERAL_CONVERSION = YES;
				CLANG_WARN_OBJC_ROOT_CLASS = YES_ERROR;
				CLANG_WARN_RANGE_LOOP_ANALYSIS = YES;
				CLANG_WARN_STRICT_PROTOTYPES = YES;
				CLANG_WARN_SUSPICIOUS_MOVE = YES;
				CLANG_WARN_UNGUARDED_AVAILABILITY = YES_AGGRESSIVE;
				CLANG_WARN_UNREACHABLE_CODE = YES;
				CLANG_WARN__DUPLICATE_METHOD_MATCH = YES;
				CODE_SIGN_IDENTITY = "iPhone Developer";
				COPY_PHASE_STRIP = NO;
				DEBUG_INFORMATION_FORMAT = dwarf;
				ENABLE_STRICT_OBJC_MSGSEND = YES;
				ENABLE_TESTABILITY = YES;
				GCC_C_LANGUAGE_STANDARD = gnu11;
				GCC_DYNAMIC_NO_PIC = NO;
				GCC_NO_COMMON_BLOCKS = YES;
				GCC_OPTIMIZATION_LEVEL = 0;
				GCC_PREPROCESSOR_DEFINITIONS = (
					"DEBUG=1",
					"$(inherited)",
				);
				GCC_WARN_64_TO_32_BIT_CONVERSION = YES;
				GCC_WARN_ABOUT_RETURN_TYPE = YES_ERROR;
				GCC_WARN_UNDECLARED_SELECTOR = YES;
				GCC_WARN_UNINITIALIZED_AUTOS = YES_AGGRESSIVE;
				GCC_WARN_UNUSED_FUNCTION = YES;
				GCC_WARN_UNUSED_VARIABLE = YES;
				IPHONEOS_DEPLOYMENT_TARGET = 11.1;
				MTL_ENABLE_DEBUG_INFO = YES;
				ONLY_ACTIVE_ARCH = YES;
				SDKROOT = iphoneos;
				SWIFT_ACTIVE_COMPILATION_CONDITIONS = DEBUG;
				SWIFT_OPTIMIZATION_LEVEL = "-Onone";
			};
			name = Debug;
		};
		347092DA1FCFBB7A006CD6B2 /* Release */ = {
			isa = XCBuildConfiguration;
			buildSettings = {
				ALWAYS_SEARCH_USER_PATHS = NO;
				CLANG_ANALYZER_NONNULL = YES;
				CLANG_ANALYZER_NUMBER_OBJECT_CONVERSION = YES_AGGRESSIVE;
				CLANG_CXX_LANGUAGE_STANDARD = "gnu++14";
				CLANG_CXX_LIBRARY = "libc++";
				CLANG_ENABLE_MODULES = YES;
				CLANG_ENABLE_OBJC_ARC = YES;
				CLANG_WARN_BLOCK_CAPTURE_AUTORELEASING = YES;
				CLANG_WARN_BOOL_CONVERSION = YES;
				CLANG_WARN_COMMA = YES;
				CLANG_WARN_CONSTANT_CONVERSION = YES;
				CLANG_WARN_DIRECT_OBJC_ISA_USAGE = YES_ERROR;
				CLANG_WARN_DOCUMENTATION_COMMENTS = YES;
				CLANG_WARN_EMPTY_BODY = YES;
				CLANG_WARN_ENUM_CONVERSION = YES;
				CLANG_WARN_INFINITE_RECURSION = YES;
				CLANG_WARN_INT_CONVERSION = YES;
				CLANG_WARN_NON_LITERAL_NULL_CONVERSION = YES;
				CLANG_WARN_OBJC_LITERAL_CONVERSION = YES;
				CLANG_WARN_OBJC_ROOT_CLASS = YES_ERROR;
				CLANG_WARN_RANGE_LOOP_ANALYSIS = YES;
				CLANG_WARN_STRICT_PROTOTYPES = YES;
				CLANG_WARN_SUSPICIOUS_MOVE = YES;
				CLANG_WARN_UNGUARDED_AVAILABILITY = YES_AGGRESSIVE;
				CLANG_WARN_UNREACHABLE_CODE = YES;
				CLANG_WARN__DUPLICATE_METHOD_MATCH = YES;
				CODE_SIGN_IDENTITY = "iPhone Developer";
				COPY_PHASE_STRIP = NO;
				DEBUG_INFORMATION_FORMAT = "dwarf-with-dsym";
				ENABLE_NS_ASSERTIONS = NO;
				ENABLE_STRICT_OBJC_MSGSEND = YES;
				GCC_C_LANGUAGE_STANDARD = gnu11;
				GCC_NO_COMMON_BLOCKS = YES;
				GCC_WARN_64_TO_32_BIT_CONVERSION = YES;
				GCC_WARN_ABOUT_RETURN_TYPE = YES_ERROR;
				GCC_WARN_UNDECLARED_SELECTOR = YES;
				GCC_WARN_UNINITIALIZED_AUTOS = YES_AGGRESSIVE;
				GCC_WARN_UNUSED_FUNCTION = YES;
				GCC_WARN_UNUSED_VARIABLE = YES;
				IPHONEOS_DEPLOYMENT_TARGET = 11.1;
				MTL_ENABLE_DEBUG_INFO = NO;
				SDKROOT = iphoneos;
				SWIFT_OPTIMIZATION_LEVEL = "-Owholemodule";
				VALIDATE_PRODUCT = YES;
			};
			name = Release;
		};
		347092DC1FCFBB7A006CD6B2 /* Debug */ = {
			isa = XCBuildConfiguration;
			buildSettings = {
				ASSETCATALOG_COMPILER_APPICON_NAME = AppIcon;
				CODE_SIGN_STYLE = Automatic;
				DEVELOPMENT_TEAM = 9AS2TD23UD;
				INFOPLIST_FILE = "$(SRCROOT)/ConcurrencyDemo/Supporting Files/Info.plist";
				IPHONEOS_DEPLOYMENT_TARGET = 10.0;
				LD_RUNPATH_SEARCH_PATHS = "$(inherited) @executable_path/Frameworks";
				PRODUCT_BUNDLE_IDENTIFIER = me.maxrogers.ConcurrencyDemo;
				PRODUCT_NAME = "$(TARGET_NAME)";
				SWIFT_VERSION = 4.0;
				TARGETED_DEVICE_FAMILY = "1,2";
			};
			name = Debug;
		};
		347092DD1FCFBB7A006CD6B2 /* Release */ = {
			isa = XCBuildConfiguration;
			buildSettings = {
				ASSETCATALOG_COMPILER_APPICON_NAME = AppIcon;
				CODE_SIGN_STYLE = Automatic;
				DEVELOPMENT_TEAM = 9AS2TD23UD;
				INFOPLIST_FILE = "$(SRCROOT)/ConcurrencyDemo/Supporting Files/Info.plist";
				IPHONEOS_DEPLOYMENT_TARGET = 10.0;
				LD_RUNPATH_SEARCH_PATHS = "$(inherited) @executable_path/Frameworks";
				PRODUCT_BUNDLE_IDENTIFIER = me.maxrogers.ConcurrencyDemo;
				PRODUCT_NAME = "$(TARGET_NAME)";
				SWIFT_VERSION = 4.0;
				TARGETED_DEVICE_FAMILY = "1,2";
			};
			name = Release;
		};
/* End XCBuildConfiguration section */

/* Begin XCConfigurationList section */
		347092C41FCFBB79006CD6B2 /* Build configuration list for PBXProject "ConcurrencyDemo" */ = {
			isa = XCConfigurationList;
			buildConfigurations = (
				347092D91FCFBB7A006CD6B2 /* Debug */,
				347092DA1FCFBB7A006CD6B2 /* Release */,
			);
			defaultConfigurationIsVisible = 0;
			defaultConfigurationName = Release;
		};
		347092DB1FCFBB7A006CD6B2 /* Build configuration list for PBXNativeTarget "ConcurrencyDemo" */ = {
			isa = XCConfigurationList;
			buildConfigurations = (
				347092DC1FCFBB7A006CD6B2 /* Debug */,
				347092DD1FCFBB7A006CD6B2 /* Release */,
			);
			defaultConfigurationIsVisible = 0;
			defaultConfigurationName = Release;
		};
/* End XCConfigurationList section */
	};
	rootObject = 347092C11FCFBB79006CD6B2 /* Project object */;
}
